<?xml version="1.0"?>
<CONFIG>
  <ProjectOptions>
    <Version Value="9"/>
    <PathDelim Value="\"/>
    <General>
      <MainUnit Value="0"/>
      <Title Value="Glassbeer software"/>
      <ResourceType Value="res"/>
      <UseXPManifest Value="True"/>
      <Icon Value="0"/>
      <ActiveWindowIndexAtStart Value="0"/>
    </General>
    <VersionInfo>
      <Language Value=""/>
      <CharSet Value=""/>
      <StringTable ProductVersion=""/>
    </VersionInfo>
    <BuildModes Count="1">
      <Item1 Name="default" Default="True"/>
    </BuildModes>
    <PublishOptions>
      <Version Value="2"/>
      <IgnoreBinaries Value="False"/>
      <IncludeFileFilter Value="*.(pas|pp|inc|lfm|lpr|lrs|lpi|lpk|sh|xml)"/>
      <ExcludeFileFilter Value="*.(bak|ppu|ppw|o|so);*~;backup"/>
    </PublishOptions>
    <RunParams>
      <local>
        <FormatVersion Value="1"/>
        <LaunchingApplication PathPlusParams="/usr/X11R6/bin/xterm -T 'Lazarus Run Output' -e $(LazarusDir)/tools/runwait.sh $(TargetCmdLine)"/>
      </local>
    </RunParams>
    <RequiredPackages Count="6">
      <Item1>
        <PackageName Value="lazreport"/>
      </Item1>
      <Item2>
        <PackageName Value="PressLazReportRT"/>
      </Item2>
      <Item3>
        <PackageName Value="PressLazSQLdbRT"/>
      </Item3>
      <Item4>
        <PackageName Value="PressLazBrokersRT"/>
      </Item4>
      <Item5>
        <PackageName Value="PressLazCoreRT"/>
      </Item5>
      <Item6>
        <PackageName Value="LCL"/>
      </Item6>
    </RequiredPackages>
    <Units Count="102">
      <Unit0>
        <Filename Value="glassbeer.lpr"/>
        <IsPartOfProject Value="True"/>
        <UnitName Value="glassbeer"/>
        <WindowIndex Value="0"/>
        <TopLine Value="5"/>
        <CursorPos X="11" Y="27"/>
        <UsageCount Value="200"/>
      </Unit0>
      <Unit1>
        <Filename Value="..\..\core\include\glassbeer_defines.inc"/>
        <IsPartOfProject Value="True"/>
        <WindowIndex Value="0"/>
        <TopLine Value="1"/>
        <CursorPos X="1" Y="1"/>
        <UsageCount Value="200"/>
      </Unit1>
      <Unit2>
        <Filename Value="D:\lib\pressobjects\trunk\Source\Brokers\PressWebFCLFCGIBroker.pas"/>
        <UnitName Value="PressWebFCLFCGIBroker"/>
        <WindowIndex Value="0"/>
        <TopLine Value="45"/>
        <CursorPos X="33" Y="51"/>
        <UsageCount Value="4"/>
      </Unit2>
      <Unit3>
        <Filename Value="..\..\core\custom\CustomBO.pas"/>
        <IsPartOfProject Value="True"/>
        <UnitName Value="CustomBO"/>
        <EditorIndex Value="7"/>
        <WindowIndex Value="0"/>
        <TopLine Value="4"/>
        <CursorPos X="26" Y="22"/>
        <UsageCount Value="200"/>
        <Loaded Value="True"/>
      </Unit3>
      <Unit4>
        <Filename Value="..\..\core\basicuserrecorddata\BasicUserRecordDataBO.pas"/>
        <IsPartOfProject Value="True"/>
        <UnitName Value="BasicUserRecordDataBO"/>
        <EditorIndex Value="0"/>
        <WindowIndex Value="0"/>
        <TopLine Value="67"/>
        <CursorPos X="25" Y="70"/>
        <UsageCount Value="200"/>
        <Loaded Value="True"/>
      </Unit4>
      <Unit5>
        <Filename Value="D:\lib\pressobjects\trunk\Source\Core\PressAttributes.pas"/>
        <UnitName Value="PressAttributes"/>
        <WindowIndex Value="0"/>
        <TopLine Value="513"/>
        <CursorPos X="20" Y="529"/>
        <UsageCount Value="1"/>
      </Unit5>
      <Unit6>
        <Filename Value="..\..\core\mash\MashBO.pas"/>
        <IsPartOfProject Value="True"/>
        <UnitName Value="MashBO"/>
        <WindowIndex Value="0"/>
        <TopLine Value="321"/>
        <CursorPos X="3" Y="323"/>
        <UsageCount Value="200"/>
        <Bookmarks Count="1">
          <Item0 X="10" Y="328" ID="2"/>
        </Bookmarks>
      </Unit6>
      <Unit7>
        <Filename Value="..\..\core\recipe\RecipeBO.pas"/>
        <IsPartOfProject Value="True"/>
        <UnitName Value="RecipeBO"/>
        <WindowIndex Value="0"/>
        <TopLine Value="79"/>
        <CursorPos X="41" Y="82"/>
        <UsageCount Value="200"/>
      </Unit7>
      <Unit8>
        <Filename Value="..\..\core\rawmaterial\RawMaterialBO.pas"/>
        <IsPartOfProject Value="True"/>
        <UnitName Value="RawMaterialBO"/>
        <WindowIndex Value="0"/>
        <TopLine Value="124"/>
        <CursorPos X="26" Y="126"/>
        <UsageCount Value="200"/>
      </Unit8>
      <Unit9>
        <Filename Value="..\..\core\custom\CustomMVP.pas"/>
        <IsPartOfProject Value="True"/>
        <UnitName Value="CustomMVP"/>
        <EditorIndex Value="3"/>
        <WindowIndex Value="0"/>
        <TopLine Value="19"/>
        <CursorPos X="20" Y="34"/>
        <UsageCount Value="200"/>
        <Loaded Value="True"/>
      </Unit9>
      <Unit10>
        <Filename Value="..\..\core\main\MainMVP.pas"/>
        <IsPartOfProject Value="True"/>
        <UnitName Value="MainMVP"/>
        <WindowIndex Value="0"/>
        <TopLine Value="51"/>
        <CursorPos X="13" Y="59"/>
        <UsageCount Value="200"/>
      </Unit10>
      <Unit11>
        <Filename Value="..\..\core\main\Brokers.pas"/>
        <IsPartOfProject Value="True"/>
        <UnitName Value="Brokers"/>
        <WindowIndex Value="0"/>
        <TopLine Value="17"/>
        <CursorPos X="32" Y="34"/>
        <UsageCount Value="200"/>
      </Unit11>
      <Unit12>
        <Filename Value="..\..\core\rawmaterial\RawMaterialMVP.pas"/>
        <IsPartOfProject Value="True"/>
        <UnitName Value="RawMaterialMVP"/>
        <WindowIndex Value="0"/>
        <TopLine Value="1"/>
        <CursorPos X="40" Y="3"/>
        <UsageCount Value="200"/>
      </Unit12>
      <Unit13>
        <Filename Value="..\..\core\custom\lcl\CustomEditFrm.pas"/>
        <IsPartOfProject Value="True"/>
        <ComponentName Value="CustomEditForm"/>
        <HasResources Value="True"/>
        <ResourceBaseClass Value="Form"/>
        <UnitName Value="CustomEditFrm"/>
        <WindowIndex Value="0"/>
        <TopLine Value="7"/>
        <CursorPos X="1" Y="22"/>
        <UsageCount Value="200"/>
      </Unit13>
      <Unit14>
        <Filename Value="..\..\core\custom\lcl\CustomQueryFrm.pas"/>
        <IsPartOfProject Value="True"/>
        <ComponentName Value="CustomQueryForm"/>
        <HasResources Value="True"/>
        <ResourceBaseClass Value="Form"/>
        <UnitName Value="CustomQueryFrm"/>
        <WindowIndex Value="0"/>
        <TopLine Value="29"/>
        <CursorPos X="3" Y="15"/>
        <UsageCount Value="200"/>
      </Unit14>
      <Unit15>
        <Filename Value="..\..\core\main\lcl\MainFrm.pas"/>
        <IsPartOfProject Value="True"/>
        <ComponentName Value="MainForm"/>
        <HasResources Value="True"/>
        <ResourceBaseClass Value="Form"/>
        <UnitName Value="MainFrm"/>
        <WindowIndex Value="0"/>
        <TopLine Value="23"/>
        <CursorPos X="19" Y="51"/>
        <UsageCount Value="202"/>
      </Unit15>
      <Unit16>
        <Filename Value="..\..\core\rawmaterial\lcl\RawMaterialQueryFrm.pas"/>
        <IsPartOfProject Value="True"/>
        <ComponentName Value="RawMaterialQueryForm"/>
        <ResourceBaseClass Value="Form"/>
        <UnitName Value="RawMaterialQueryFrm"/>
        <WindowIndex Value="0"/>
        <TopLine Value="1"/>
        <CursorPos X="17" Y="9"/>
        <UsageCount Value="201"/>
      </Unit16>
      <Unit17>
        <Filename Value="..\..\core\rawmaterial\lcl\RawMaterialEditFrm.pas"/>
        <IsPartOfProject Value="True"/>
        <ComponentName Value="RawMaterialEditForm"/>
        <HasResources Value="True"/>
        <ResourceBaseClass Value="Form"/>
        <UnitName Value="RawMaterialEditFrm"/>
        <WindowIndex Value="0"/>
        <TopLine Value="14"/>
        <CursorPos X="32" Y="40"/>
        <UsageCount Value="201"/>
      </Unit17>
      <Unit18>
        <Filename Value="D:\lib\pressobjects\trunk\Source\Core\PressMVPWidget.pas"/>
        <UnitName Value="PressMVPWidget"/>
        <WindowIndex Value="0"/>
        <TopLine Value="20"/>
        <CursorPos X="17" Y="36"/>
        <UsageCount Value="4"/>
      </Unit18>
      <Unit19>
        <Filename Value="..\..\..\..\..\sure\windows\trunk\source\core\configuracao\ProprietarioBO.pas"/>
        <UnitName Value="ProprietarioBO"/>
        <WindowIndex Value="0"/>
        <TopLine Value="74"/>
        <CursorPos X="28" Y="90"/>
        <UsageCount Value="3"/>
      </Unit19>
      <Unit20>
        <Filename Value="..\..\core\recipe\RecipeMVP.pas"/>
        <IsPartOfProject Value="True"/>
        <UnitName Value="RecipeMVP"/>
        <WindowIndex Value="0"/>
        <TopLine Value="83"/>
        <CursorPos X="30" Y="93"/>
        <UsageCount Value="212"/>
      </Unit20>
      <Unit21>
        <Filename Value="..\..\core\recipe\lcl\RecipeQueryFrm.pas"/>
        <IsPartOfProject Value="True"/>
        <ComponentName Value="RecipeQueryForm"/>
        <ResourceBaseClass Value="Form"/>
        <UnitName Value="RecipeQueryFrm"/>
        <WindowIndex Value="0"/>
        <TopLine Value="1"/>
        <CursorPos X="13" Y="29"/>
        <UsageCount Value="212"/>
      </Unit21>
      <Unit22>
        <Filename Value="..\..\core\recipe\lcl\RecipeEditFrm.pas"/>
        <IsPartOfProject Value="True"/>
        <ComponentName Value="RecipeEditForm"/>
        <HasResources Value="True"/>
        <ResourceBaseClass Value="Form"/>
        <UnitName Value="RecipeEditFrm"/>
        <WindowIndex Value="0"/>
        <TopLine Value="47"/>
        <CursorPos X="19" Y="64"/>
        <UsageCount Value="210"/>
      </Unit22>
      <Unit23>
        <Filename Value="..\..\core\recipe\lcl\RecipeIngredientItemEditFrm.pas"/>
        <IsPartOfProject Value="True"/>
        <ComponentName Value="RecipeIngredientItemEditForm"/>
        <HasResources Value="True"/>
        <ResourceBaseClass Value="Form"/>
        <UnitName Value="RecipeIngredientItemEditFrm"/>
        <WindowIndex Value="0"/>
        <TopLine Value="23"/>
        <CursorPos X="21" Y="47"/>
        <UsageCount Value="207"/>
      </Unit23>
      <Unit24>
        <Filename Value="..\..\core\fermenter\FermenterBO.pas"/>
        <IsPartOfProject Value="True"/>
        <UnitName Value="FermenterBO"/>
        <WindowIndex Value="0"/>
        <TopLine Value="201"/>
        <CursorPos X="20" Y="217"/>
        <UsageCount Value="204"/>
      </Unit24>
      <Unit25>
        <Filename Value="..\..\core\fermenter\FermenterMVP.pas"/>
        <IsPartOfProject Value="True"/>
        <UnitName Value="FermenterMVP"/>
        <WindowIndex Value="0"/>
        <TopLine Value="95"/>
        <CursorPos X="3" Y="98"/>
        <UsageCount Value="203"/>
      </Unit25>
      <Unit26>
        <Filename Value="..\..\core\fermenter\lcl\FementerQueryFrm.pas"/>
        <IsPartOfProject Value="True"/>
        <ComponentName Value="FermenterQueryForm"/>
        <HasResources Value="True"/>
        <ResourceBaseClass Value="Form"/>
        <UnitName Value="FementerQueryFrm"/>
        <WindowIndex Value="0"/>
        <TopLine Value="1"/>
        <CursorPos X="1" Y="24"/>
        <UsageCount Value="203"/>
      </Unit26>
      <Unit27>
        <Filename Value="..\..\core\fermenter\lcl\FementerQueryFrm.lfm"/>
        <WindowIndex Value="0"/>
        <TopLine Value="1"/>
        <CursorPos X="18" Y="39"/>
        <UsageCount Value="4"/>
        <DefaultSyntaxHighlighter Value="LFM"/>
      </Unit27>
      <Unit28>
        <Filename Value="..\..\core\fermenter\lcl\FermenterEditFrm.pas"/>
        <IsPartOfProject Value="True"/>
        <ComponentName Value="FermenterEditForm"/>
        <HasResources Value="True"/>
        <ResourceBaseClass Value="Form"/>
        <UnitName Value="FermenterEditFrm"/>
        <WindowIndex Value="0"/>
        <TopLine Value="33"/>
        <CursorPos X="29" Y="59"/>
        <UsageCount Value="203"/>
      </Unit28>
      <Unit29>
        <Filename Value="..\..\core\location\LocationBO.pas"/>
        <IsPartOfProject Value="True"/>
        <UnitName Value="LocationBO"/>
        <WindowIndex Value="0"/>
        <TopLine Value="28"/>
        <CursorPos X="3" Y="44"/>
        <UsageCount Value="202"/>
      </Unit29>
      <Unit30>
        <Filename Value="..\..\core\location\LocationMVP.pas"/>
        <IsPartOfProject Value="True"/>
        <UnitName Value="LocationMVP"/>
        <WindowIndex Value="0"/>
        <TopLine Value="1"/>
        <CursorPos X="1" Y="2"/>
        <UsageCount Value="202"/>
      </Unit30>
      <Unit31>
        <Filename Value="..\..\core\location\lcl\LocationQueryFrm.pas"/>
        <IsPartOfProject Value="True"/>
        <ComponentName Value="LocationQueryForm"/>
        <ResourceBaseClass Value="Form"/>
        <UnitName Value="LocationQueryFrm"/>
        <WindowIndex Value="0"/>
        <TopLine Value="1"/>
        <CursorPos X="13" Y="10"/>
        <UsageCount Value="202"/>
      </Unit31>
      <Unit32>
        <Filename Value="..\..\core\location\lcl\LocationEditFrm.pas"/>
        <IsPartOfProject Value="True"/>
        <ComponentName Value="LocationEditForm"/>
        <ResourceBaseClass Value="Form"/>
        <UnitName Value="LocationEditFrm"/>
        <WindowIndex Value="0"/>
        <TopLine Value="4"/>
        <CursorPos X="26" Y="34"/>
        <UsageCount Value="202"/>
      </Unit32>
      <Unit33>
        <Filename Value="..\..\core\filling\FillingBO.pas"/>
        <IsPartOfProject Value="True"/>
        <UnitName Value="FillingBO"/>
        <WindowIndex Value="0"/>
        <TopLine Value="1"/>
        <CursorPos X="40" Y="3"/>
        <UsageCount Value="200"/>
      </Unit33>
      <Unit34>
        <Filename Value="..\..\core\mash\MashMVP.pas"/>
        <IsPartOfProject Value="True"/>
        <UnitName Value="MashMVP"/>
        <WindowIndex Value="0"/>
        <TopLine Value="104"/>
        <CursorPos X="54" Y="118"/>
        <UsageCount Value="200"/>
      </Unit34>
      <Unit35>
        <Filename Value="..\..\core\mash\lcl\MashQueryFrm.pas"/>
        <IsPartOfProject Value="True"/>
        <ComponentName Value="MashQueryForm"/>
        <HasResources Value="True"/>
        <ResourceBaseClass Value="Form"/>
        <UnitName Value="MashQueryFrm"/>
        <WindowIndex Value="0"/>
        <TopLine Value="2"/>
        <CursorPos X="46" Y="30"/>
        <UsageCount Value="200"/>
      </Unit35>
      <Unit36>
        <Filename Value="..\..\core\mash\lcl\MashEditFrm.pas"/>
        <IsPartOfProject Value="True"/>
        <ComponentName Value="MashEditForm"/>
        <HasResources Value="True"/>
        <ResourceBaseClass Value="Form"/>
        <UnitName Value="MashEditFrm"/>
        <WindowIndex Value="0"/>
        <TopLine Value="17"/>
        <CursorPos X="21" Y="33"/>
        <UsageCount Value="200"/>
      </Unit36>
      <Unit37>
        <Filename Value="..\..\core\mash\lcl\MashItemEditFrm.pas"/>
        <IsPartOfProject Value="True"/>
        <ComponentName Value="MashItemEditForm"/>
        <HasResources Value="True"/>
        <ResourceBaseClass Value="Form"/>
        <UnitName Value="MashItemEditFrm"/>
        <WindowIndex Value="0"/>
        <TopLine Value="87"/>
        <CursorPos X="49" Y="102"/>
        <UsageCount Value="200"/>
      </Unit37>
      <Unit38>
        <Filename Value="..\..\core\mash\lcl\MashIngredientItemEditFrm.pas"/>
        <IsPartOfProject Value="True"/>
        <ComponentName Value="MashIngredientItemEditForm"/>
        <HasResources Value="True"/>
        <ResourceBaseClass Value="Form"/>
        <UnitName Value="MashIngredientItemEditFrm"/>
        <WindowIndex Value="0"/>
        <TopLine Value="20"/>
        <CursorPos X="29" Y="48"/>
        <UsageCount Value="200"/>
      </Unit38>
      <Unit39>
        <Filename Value="..\..\core\mash\lcl\MashFermenterItemEditFrm.pas"/>
        <IsPartOfProject Value="True"/>
        <ComponentName Value="MashFermenterItemEditForm"/>
        <HasResources Value="True"/>
        <ResourceBaseClass Value="Form"/>
        <UnitName Value="MashFermenterItemEditFrm"/>
        <WindowIndex Value="0"/>
        <TopLine Value="1"/>
        <CursorPos X="22" Y="18"/>
        <UsageCount Value="200"/>
      </Unit39>
      <Unit40>
        <Filename Value="..\..\core\fermenter\lcl\FermenterEventItemEditFrm.pas"/>
        <IsPartOfProject Value="True"/>
        <ComponentName Value="FermenterEventItemEditForm"/>
        <HasResources Value="True"/>
        <ResourceBaseClass Value="Form"/>
        <UnitName Value="FermenterEventItemEditFrm"/>
        <WindowIndex Value="0"/>
        <TopLine Value="10"/>
        <CursorPos X="26" Y="25"/>
        <UsageCount Value="200"/>
      </Unit40>
      <Unit41>
        <Filename Value="..\..\core\fermenter\lcl\FermenterEventEditFrm.pas"/>
        <IsPartOfProject Value="True"/>
        <ComponentName Value="FermenterEventEditForm"/>
        <ResourceBaseClass Value="Form"/>
        <UnitName Value="FermenterEventEditFrm"/>
        <WindowIndex Value="0"/>
        <TopLine Value="10"/>
        <CursorPos X="18" Y="20"/>
        <UsageCount Value="200"/>
      </Unit41>
      <Unit42>
        <Filename Value="..\..\core\fermenter\lcl\FermenterEventQueryFrm.pas"/>
        <IsPartOfProject Value="True"/>
        <ComponentName Value="FermenterEventQueryForm"/>
        <ResourceBaseClass Value="Form"/>
        <UnitName Value="FermenterEventQueryFrm"/>
        <WindowIndex Value="0"/>
        <TopLine Value="5"/>
        <CursorPos X="34" Y="30"/>
        <UsageCount Value="200"/>
      </Unit42>
      <Unit43>
        <Filename Value="..\..\core\address\AddressBO.pas"/>
        <IsPartOfProject Value="True"/>
        <UnitName Value="AddressBO"/>
        <WindowIndex Value="0"/>
        <TopLine Value="199"/>
        <CursorPos X="22" Y="216"/>
        <UsageCount Value="202"/>
        <Bookmarks Count="1">
          <Item0 X="5" Y="116" ID="1"/>
        </Bookmarks>
      </Unit43>
      <Unit44>
        <Filename Value="..\..\core\address\AddressMVP.pas"/>
        <IsPartOfProject Value="True"/>
        <UnitName Value="AddressMVP"/>
        <WindowIndex Value="0"/>
        <TopLine Value="199"/>
        <CursorPos X="47" Y="216"/>
        <UsageCount Value="200"/>
      </Unit44>
      <Unit45>
        <Filename Value="..\..\core\address\lcl\AddressEditFrm.pas"/>
        <IsPartOfProject Value="True"/>
        <ComponentName Value="AddressEditForm"/>
        <HasResources Value="True"/>
        <ResourceBaseClass Value="Form"/>
        <UnitName Value="AddressEditFrm"/>
        <WindowIndex Value="0"/>
        <TopLine Value="37"/>
        <CursorPos X="25" Y="65"/>
        <UsageCount Value="200"/>
      </Unit45>
      <Unit46>
        <Filename Value="..\..\core\address\lcl\AddressLabelEditFrm.pas"/>
        <IsPartOfProject Value="True"/>
        <ComponentName Value="AddressLabelEditForm"/>
        <ResourceBaseClass Value="Form"/>
        <UnitName Value="AddressLabelEditFrm"/>
        <WindowIndex Value="0"/>
        <TopLine Value="10"/>
        <CursorPos X="15" Y="34"/>
        <UsageCount Value="200"/>
      </Unit46>
      <Unit47>
        <Filename Value="..\..\core\address\lcl\CityEditFrm.pas"/>
        <IsPartOfProject Value="True"/>
        <ComponentName Value="CityEditForm"/>
        <HasResources Value="True"/>
        <ResourceBaseClass Value="Form"/>
        <UnitName Value="CityEditFrm"/>
        <WindowIndex Value="0"/>
        <TopLine Value="1"/>
        <CursorPos X="1" Y="1"/>
        <UsageCount Value="200"/>
      </Unit47>
      <Unit48>
        <Filename Value="..\..\core\address\lcl\StateEditFrm.pas"/>
        <IsPartOfProject Value="True"/>
        <ComponentName Value="StateEditForm"/>
        <HasResources Value="True"/>
        <ResourceBaseClass Value="Form"/>
        <UnitName Value="StateEditFrm"/>
        <WindowIndex Value="0"/>
        <TopLine Value="24"/>
        <CursorPos X="53" Y="39"/>
        <UsageCount Value="200"/>
      </Unit48>
      <Unit49>
        <Filename Value="..\..\core\address\lcl\CountryEditFrm.pas"/>
        <IsPartOfProject Value="True"/>
        <ComponentName Value="CountryEditForm"/>
        <HasResources Value="True"/>
        <ResourceBaseClass Value="Form"/>
        <UnitName Value="CountryEditFrm"/>
        <WindowIndex Value="0"/>
        <TopLine Value="1"/>
        <CursorPos X="31" Y="15"/>
        <UsageCount Value="200"/>
      </Unit49>
      <Unit50>
        <Filename Value="..\..\core\address\lcl\InternetAddressEditFrm.pas"/>
        <IsPartOfProject Value="True"/>
        <ComponentName Value="InternetAddressEditForm"/>
        <HasResources Value="True"/>
        <ResourceBaseClass Value="Form"/>
        <UnitName Value="InternetAddressEditFrm"/>
        <WindowIndex Value="0"/>
        <TopLine Value="17"/>
        <CursorPos X="21" Y="45"/>
        <UsageCount Value="200"/>
      </Unit50>
      <Unit51>
        <Filename Value="..\..\core\address\lcl\InternetAddressLabelEditFrm.pas"/>
        <IsPartOfProject Value="True"/>
        <ComponentName Value="InternetAddressLabelEditForm"/>
        <ResourceBaseClass Value="Form"/>
        <UnitName Value="InternetAddressLabelEditFrm"/>
        <WindowIndex Value="0"/>
        <TopLine Value="10"/>
        <CursorPos X="21" Y="19"/>
        <UsageCount Value="200"/>
      </Unit51>
      <Unit52>
        <Filename Value="..\..\core\address\lcl\NeighborhoodEditFrm.pas"/>
        <IsPartOfProject Value="True"/>
        <ComponentName Value="NeighborhoodEditForm"/>
        <ResourceBaseClass Value="Form"/>
        <UnitName Value="NeighborhoodEditFrm"/>
        <WindowIndex Value="0"/>
        <TopLine Value="6"/>
        <CursorPos X="67" Y="34"/>
        <UsageCount Value="200"/>
      </Unit52>
      <Unit53>
        <Filename Value="..\..\core\address\lcl\PhoneEditFrm.pas"/>
        <IsPartOfProject Value="True"/>
        <ComponentName Value="PhoneEditForm"/>
        <HasResources Value="True"/>
        <ResourceBaseClass Value="Form"/>
        <UnitName Value="PhoneEditFrm"/>
        <WindowIndex Value="0"/>
        <TopLine Value="9"/>
        <CursorPos X="20" Y="16"/>
        <UsageCount Value="200"/>
      </Unit53>
      <Unit54>
        <Filename Value="..\..\core\address\lcl\PhoneLabelEditFrm.pas"/>
        <IsPartOfProject Value="True"/>
        <ComponentName Value="PhoneLabelEditForm"/>
        <ResourceBaseClass Value="Form"/>
        <UnitName Value="PhoneLabelEditFrm"/>
        <WindowIndex Value="0"/>
        <TopLine Value="6"/>
        <CursorPos X="63" Y="34"/>
        <UsageCount Value="200"/>
      </Unit54>
      <Unit55>
        <Filename Value="..\..\core\contact\ContactBO.pas"/>
        <IsPartOfProject Value="True"/>
        <UnitName Value="ContactBO"/>
        <WindowIndex Value="0"/>
        <TopLine Value="16"/>
        <CursorPos X="20" Y="72"/>
        <UsageCount Value="200"/>
        <Bookmarks Count="1">
          <Item0 X="28" Y="81" ID="1"/>
        </Bookmarks>
      </Unit55>
      <Unit56>
        <Filename Value="..\..\core\contact\ContactMVP.pas"/>
        <IsPartOfProject Value="True"/>
        <UnitName Value="ContactMVP"/>
        <WindowIndex Value="0"/>
        <TopLine Value="222"/>
        <CursorPos X="35" Y="224"/>
        <UsageCount Value="200"/>
        <Bookmarks Count="1">
          <Item0 X="4" Y="166" ID="4"/>
        </Bookmarks>
      </Unit56>
      <Unit57>
        <Filename Value="..\..\core\contact\lcl\ContactEditFrm.pas"/>
        <IsPartOfProject Value="True"/>
        <ComponentName Value="ContactEditForm"/>
        <HasResources Value="True"/>
        <ResourceBaseClass Value="Form"/>
        <UnitName Value="ContactEditFrm"/>
        <WindowIndex Value="0"/>
        <TopLine Value="39"/>
        <CursorPos X="26" Y="20"/>
        <UsageCount Value="211"/>
      </Unit57>
      <Unit58>
        <Filename Value="..\..\core\contact\lcl\PersonEditFrm.pas"/>
        <IsPartOfProject Value="True"/>
        <ComponentName Value="PersonEditForm"/>
        <HasResources Value="True"/>
        <ResourceBaseClass Value="Form"/>
        <UnitName Value="PersonEditFrm"/>
        <WindowIndex Value="0"/>
        <TopLine Value="16"/>
        <CursorPos X="21" Y="22"/>
        <UsageCount Value="209"/>
      </Unit58>
      <Unit59>
        <Filename Value="..\..\core\contact\lcl\CompanyEditFrm.pas"/>
        <IsPartOfProject Value="True"/>
        <ComponentName Value="CompanyEditForm"/>
        <HasResources Value="True"/>
        <ResourceBaseClass Value="Form"/>
        <UnitName Value="CompanyEditFrm"/>
        <WindowIndex Value="0"/>
        <TopLine Value="12"/>
        <CursorPos X="51" Y="55"/>
        <UsageCount Value="209"/>
      </Unit59>
      <Unit60>
        <Filename Value="..\..\core\contact\lcl\PersonContactEditFrm.pas"/>
        <IsPartOfProject Value="True"/>
        <ComponentName Value="PersonContactEditForm"/>
        <HasResources Value="True"/>
        <ResourceBaseClass Value="Form"/>
        <UnitName Value="PersonContactEditFrm"/>
        <WindowIndex Value="0"/>
        <TopLine Value="24"/>
        <CursorPos X="38" Y="52"/>
        <UsageCount Value="208"/>
      </Unit60>
      <Unit61>
        <Filename Value="..\..\core\contact\lcl\PersonContactLabelEditFrm.pas"/>
        <IsPartOfProject Value="True"/>
        <ComponentName Value="PersonContactLabelEditForm"/>
        <ResourceBaseClass Value="Form"/>
        <UnitName Value="PersonContactLabelEditFrm"/>
        <WindowIndex Value="0"/>
        <TopLine Value="1"/>
        <CursorPos X="79" Y="34"/>
        <UsageCount Value="208"/>
      </Unit61>
      <Unit62>
        <Filename Value="..\..\core\contact\lcl\ContactQueryFrm.pas"/>
        <IsPartOfProject Value="True"/>
        <ComponentName Value="ContactQueryForm"/>
        <HasResources Value="True"/>
        <ResourceBaseClass Value="Form"/>
        <UnitName Value="ContactQueryFrm"/>
        <WindowIndex Value="0"/>
        <TopLine Value="16"/>
        <CursorPos X="18" Y="42"/>
        <UsageCount Value="206"/>
      </Unit62>
      <Unit63>
        <Filename Value="..\..\core\equipment\EquipmentBO.pas"/>
        <IsPartOfProject Value="True"/>
        <UnitName Value="EquipmentBO"/>
        <WindowIndex Value="0"/>
        <TopLine Value="8"/>
        <CursorPos X="21" Y="20"/>
        <UsageCount Value="205"/>
      </Unit63>
      <Unit64>
        <Filename Value="..\..\core\equipment\EquipmentMVP.pas"/>
        <IsPartOfProject Value="True"/>
        <UnitName Value="EquipmentMVP"/>
        <WindowIndex Value="0"/>
        <TopLine Value="38"/>
        <CursorPos X="5" Y="47"/>
        <UsageCount Value="205"/>
      </Unit64>
      <Unit65>
        <Filename Value="..\..\core\equipment\lcl\EquipmentEditFrm.pas"/>
        <IsPartOfProject Value="True"/>
        <ComponentName Value="EquipmentEditForm"/>
        <HasResources Value="True"/>
        <ResourceBaseClass Value="Form"/>
        <UnitName Value="EquipmentEditFrm"/>
        <WindowIndex Value="0"/>
        <TopLine Value="1"/>
        <CursorPos X="16" Y="29"/>
        <UsageCount Value="205"/>
      </Unit65>
      <Unit66>
        <Filename Value="..\..\core\equipment\lcl\EquipmentQueryFrm.pas"/>
        <IsPartOfProject Value="True"/>
        <ComponentName Value="EquipmentQueryForm"/>
        <HasResources Value="True"/>
        <ResourceBaseClass Value="Form"/>
        <UnitName Value="EquipmentQueryFrm"/>
        <WindowIndex Value="0"/>
        <TopLine Value="1"/>
        <CursorPos X="19" Y="16"/>
        <UsageCount Value="205"/>
      </Unit66>
      <Unit67>
        <Filename Value="..\..\core\mash\MashItemLogBO.pas"/>
        <IsPartOfProject Value="True"/>
        <UnitName Value="MashItemLogBO"/>
        <WindowIndex Value="0"/>
        <TopLine Value="1"/>
        <CursorPos X="1" Y="73"/>
        <UsageCount Value="202"/>
        <Bookmarks Count="1">
          <Item0 X="3" Y="19" ID="3"/>
        </Bookmarks>
      </Unit67>
      <Unit68>
        <Filename Value="..\..\core\mash\MashItemLogMVP.pas"/>
        <IsPartOfProject Value="True"/>
        <UnitName Value="MashItemLogMVP"/>
        <WindowIndex Value="0"/>
        <TopLine Value="29"/>
        <CursorPos X="1" Y="33"/>
        <UsageCount Value="202"/>
      </Unit68>
      <Unit69>
        <Filename Value="..\..\core\mash\lcl\MashItemTemperatureEditFrm.pas"/>
        <IsPartOfProject Value="True"/>
        <ComponentName Value="MashItemTemperatureEditForm"/>
        <HasResources Value="True"/>
        <ResourceBaseClass Value="Form"/>
        <UnitName Value="MashItemTemperatureEditFrm"/>
        <WindowIndex Value="0"/>
        <TopLine Value="3"/>
        <CursorPos X="34" Y="18"/>
        <UsageCount Value="202"/>
      </Unit69>
      <Unit70>
        <Filename Value="..\..\core\mash\lcl\MashItemGravityEditFrm.pas"/>
        <IsPartOfProject Value="True"/>
        <ComponentName Value="MashItemGravityEditForm"/>
        <HasResources Value="True"/>
        <ResourceBaseClass Value="Form"/>
        <UnitName Value="MashItemGravityEditFrm"/>
        <WindowIndex Value="0"/>
        <TopLine Value="7"/>
        <CursorPos X="38" Y="22"/>
        <UsageCount Value="201"/>
      </Unit70>
      <Unit71>
        <Filename Value="C:\lib\pressobjects\trunk\Source\Core\PressAttributes.pas"/>
        <UnitName Value="PressAttributes"/>
        <WindowIndex Value="0"/>
        <TopLine Value="287"/>
        <CursorPos X="20" Y="302"/>
        <UsageCount Value="2"/>
      </Unit71>
      <Unit72>
        <Filename Value="..\..\core\log\lcl\GeneralLogEditFrm.pas"/>
        <IsPartOfProject Value="True"/>
        <ComponentName Value="GeneralLogEditForm"/>
        <HasResources Value="True"/>
        <ResourceBaseClass Value="Form"/>
        <UnitName Value="GeneralLogEditFrm"/>
        <WindowIndex Value="0"/>
        <TopLine Value="1"/>
        <CursorPos X="24" Y="17"/>
        <UsageCount Value="201"/>
      </Unit72>
      <Unit73>
        <Filename Value="..\..\core\log\LogBO.pas"/>
        <IsPartOfProject Value="True"/>
        <UnitName Value="LogBO"/>
        <WindowIndex Value="0"/>
        <TopLine Value="5"/>
        <CursorPos X="25" Y="22"/>
        <UsageCount Value="201"/>
      </Unit73>
      <Unit74>
        <Filename Value="..\..\core\log\LogMVP.pas"/>
        <IsPartOfProject Value="True"/>
        <UnitName Value="LogMVP"/>
        <WindowIndex Value="0"/>
        <TopLine Value="1"/>
        <CursorPos X="42" Y="16"/>
        <UsageCount Value="201"/>
      </Unit74>
      <Unit75>
        <Filename Value="..\..\core\equipment\EquipmentProfileBO.pas"/>
        <IsPartOfProject Value="True"/>
        <UnitName Value="EquipmentProfileBO"/>
        <WindowIndex Value="0"/>
        <TopLine Value="279"/>
        <CursorPos X="68" Y="283"/>
        <UsageCount Value="216"/>
      </Unit75>
      <Unit76>
        <Filename Value="..\..\core\equipment\EquipmentProfileMVP.pas"/>
        <IsPartOfProject Value="True"/>
        <UnitName Value="EquipmentProfileMVP"/>
        <WindowIndex Value="0"/>
        <TopLine Value="106"/>
        <CursorPos X="21" Y="118"/>
        <UsageCount Value="216"/>
      </Unit76>
      <Unit77>
        <Filename Value="..\..\core\equipment\lcl\EquipmentProfileEditFrm.pas"/>
        <IsPartOfProject Value="True"/>
        <ComponentName Value="EquipmentProfileEditForm"/>
        <HasResources Value="True"/>
        <ResourceBaseClass Value="Form"/>
        <UnitName Value="EquipmentProfileEditFrm"/>
        <WindowIndex Value="0"/>
        <TopLine Value="11"/>
        <CursorPos X="34" Y="32"/>
        <UsageCount Value="212"/>
      </Unit77>
      <Unit78>
        <Filename Value="..\..\core\equipment\lcl\EquipmentProfileQueryFrm.pas"/>
        <IsPartOfProject Value="True"/>
        <ComponentName Value="EquipmentProfileQueryForm"/>
        <HasResources Value="True"/>
        <ResourceBaseClass Value="Form"/>
        <UnitName Value="EquipmentProfileQueryFrm"/>
        <WindowIndex Value="0"/>
        <TopLine Value="1"/>
        <CursorPos X="27" Y="29"/>
        <UsageCount Value="206"/>
      </Unit78>
      <Unit79>
        <Filename Value="..\..\core\equipment\lcl\WaterCalculatorEditFrm.pas"/>
        <IsPartOfProject Value="True"/>
        <ComponentName Value="WaterCalculatorEditForm"/>
        <HasResources Value="True"/>
        <ResourceBaseClass Value="Form"/>
        <UnitName Value="WaterCalculatorEditFrm"/>
        <WindowIndex Value="0"/>
        <TopLine Value="43"/>
        <CursorPos X="10" Y="56"/>
        <UsageCount Value="175"/>
      </Unit79>
      <Unit80>
        <Filename Value="..\..\core\accountchart\AccountChartBO.pas"/>
        <IsPartOfProject Value="True"/>
        <UnitName Value="AccountChartBO"/>
        <EditorIndex Value="8"/>
        <WindowIndex Value="0"/>
        <TopLine Value="196"/>
        <CursorPos X="3" Y="198"/>
        <UsageCount Value="162"/>
        <Bookmarks Count="1">
          <Item0 X="11" Y="95" ID="1"/>
        </Bookmarks>
        <Loaded Value="True"/>
      </Unit80>
      <Unit81>
        <Filename Value="..\..\core\accountchart\AccountChartMVP.pas"/>
        <IsPartOfProject Value="True"/>
        <UnitName Value="AccountChartMVP"/>
        <EditorIndex Value="4"/>
        <WindowIndex Value="0"/>
        <TopLine Value="123"/>
        <CursorPos X="3" Y="138"/>
        <UsageCount Value="162"/>
        <Loaded Value="True"/>
      </Unit81>
      <Unit82>
        <Filename Value="..\..\core\accountchart\lcl\AccountChartEditFrm.pas"/>
        <IsPartOfProject Value="True"/>
        <ComponentName Value="AccountChartEditForm"/>
        <HasResources Value="True"/>
        <ResourceBaseClass Value="Form"/>
        <UnitName Value="AccountChartEditFrm"/>
        <EditorIndex Value="6"/>
        <WindowIndex Value="0"/>
        <TopLine Value="3"/>
        <CursorPos X="15" Y="32"/>
        <UsageCount Value="161"/>
        <Loaded Value="True"/>
      </Unit82>
      <Unit83>
        <Filename Value="..\..\core\accountchart\lcl\AccountChartQueryFrm.pas"/>
        <IsPartOfProject Value="True"/>
        <ComponentName Value="AccountChartQueryForm"/>
        <HasResources Value="True"/>
        <ResourceBaseClass Value="Form"/>
        <UnitName Value="AccountChartQueryFrm"/>
        <WindowIndex Value="0"/>
        <TopLine Value="26"/>
        <CursorPos X="28" Y="53"/>
        <UsageCount Value="161"/>
      </Unit83>
      <Unit84>
        <Filename Value="C:\lib\pressobjects\trunk\Source\Core\PressMVPPresenter.pas"/>
        <UnitName Value="PressMVPPresenter"/>
        <WindowIndex Value="0"/>
        <TopLine Value="241"/>
        <CursorPos X="14" Y="256"/>
        <UsageCount Value="0"/>
      </Unit84>
      <Unit85>
        <Filename Value="C:\lib\pressobjects\trunk\Source\Core\PressMVPModel.pas"/>
        <UnitName Value="PressMVPModel"/>
        <WindowIndex Value="0"/>
        <TopLine Value="470"/>
        <CursorPos X="3" Y="485"/>
        <UsageCount Value="8"/>
      </Unit85>
      <Unit86>
        <Filename Value="..\..\core\accountchart\lcl\AccountChartChildEditForm.pas"/>
        <ComponentName Value="AccountChartChildEditForm"/>
        <HasResources Value="True"/>
        <ResourceBaseClass Value="Form"/>
        <UnitName Value="AccountChartChildEditForm"/>
        <WindowIndex Value="0"/>
        <TopLine Value="11"/>
        <CursorPos X="70" Y="37"/>
        <UsageCount Value="27"/>
      </Unit86>
      <Unit87>
        <Filename Value="..\..\..\..\press-sdk\Source\Core\PressMVPPresenter.pas"/>
        <UnitName Value="PressMVPPresenter"/>
        <WindowIndex Value="0"/>
        <TopLine Value="210"/>
        <CursorPos X="3" Y="216"/>
        <UsageCount Value="7"/>
      </Unit87>
      <Unit88>
        <Filename Value="..\..\..\..\press-sdk\Source\Core\PressSubject.pas"/>
        <UnitName Value="PressSubject"/>
        <WindowIndex Value="0"/>
        <TopLine Value="847"/>
        <CursorPos X="3" Y="814"/>
        <UsageCount Value="2"/>
      </Unit88>
      <Unit89>
        <Filename Value="..\..\..\..\press-sdk\Source\Core\PressMVPCommand.pas"/>
        <UnitName Value="PressMVPCommand"/>
        <WindowIndex Value="0"/>
        <TopLine Value="136"/>
        <CursorPos X="3" Y="151"/>
        <UsageCount Value="7"/>
      </Unit89>
      <Unit90>
        <Filename Value="..\..\..\..\press-sdk\Source\Core\PressMVPModel.pas"/>
        <UnitName Value="PressMVPModel"/>
        <WindowIndex Value="0"/>
        <TopLine Value="531"/>
        <CursorPos X="29" Y="554"/>
        <UsageCount Value="3"/>
      </Unit90>
      <Unit91>
        <Filename Value="..\..\..\..\press-sdk\Source\Core\PressMVP.pas"/>
        <UnitName Value="PressMVP"/>
        <WindowIndex Value="0"/>
        <TopLine Value="106"/>
        <CursorPos X="14" Y="121"/>
        <UsageCount Value="2"/>
      </Unit91>
      <Unit92>
        <Filename Value="..\..\..\..\press-sdk\Source\Core\PressSession.pas"/>
        <UnitName Value="PressSession"/>
        <WindowIndex Value="0"/>
        <TopLine Value="94"/>
        <CursorPos X="3" Y="70"/>
        <UsageCount Value="2"/>
      </Unit92>
      <Unit93>
        <Filename Value="..\..\..\..\press-sdk\Source\Core\PressClasses.pas"/>
        <UnitName Value="PressClasses"/>
        <WindowIndex Value="0"/>
        <TopLine Value="77"/>
        <CursorPos X="15" Y="92"/>
        <UsageCount Value="3"/>
      </Unit93>
      <Unit94>
        <Filename Value="..\..\..\..\press-sdk\Source\Core\PressMVPFactory.pas"/>
        <UnitName Value="PressMVPFactory"/>
        <WindowIndex Value="0"/>
        <TopLine Value="401"/>
        <CursorPos X="3" Y="407"/>
        <UsageCount Value="5"/>
      </Unit94>
      <Unit95>
        <Filename Value="D:\lib\press-sdk\Source\Core\PressMVPCommand.pas"/>
        <UnitName Value="PressMVPCommand"/>
        <WindowIndex Value="0"/>
        <TopLine Value="186"/>
        <CursorPos X="3" Y="202"/>
        <UsageCount Value="6"/>
      </Unit95>
      <Unit96>
        <Filename Value="D:\lib\press-sdk\Source\Core\PressSession.pas"/>
        <UnitName Value="PressSession"/>
        <WindowIndex Value="0"/>
        <TopLine Value="570"/>
        <CursorPos X="3" Y="575"/>
        <UsageCount Value="4"/>
      </Unit96>
      <Unit97>
        <Filename Value="..\..\core\product\ProductBO.pas"/>
        <IsPartOfProject Value="True"/>
        <UnitName Value="ProductBO"/>
        <EditorIndex Value="1"/>
        <WindowIndex Value="0"/>
        <TopLine Value="6"/>
        <CursorPos X="21" Y="25"/>
        <UsageCount Value="65"/>
        <Loaded Value="True"/>
      </Unit97>
      <Unit98>
        <Filename Value="..\..\..\..\press-sdk\Source\Core\PressAttributes.pas"/>
        <UnitName Value="PressAttributes"/>
        <WindowIndex Value="0"/>
        <TopLine Value="431"/>
        <CursorPos X="15" Y="446"/>
        <UsageCount Value="8"/>
      </Unit98>
      <Unit99>
        <Filename Value="..\..\core\unity\UnityBO.pas"/>
        <IsPartOfProject Value="True"/>
        <UnitName Value="UnityBO"/>
        <EditorIndex Value="5"/>
        <WindowIndex Value="0"/>
        <TopLine Value="12"/>
        <CursorPos X="25" Y="21"/>
        <UsageCount Value="65"/>
        <Loaded Value="True"/>
      </Unit99>
      <Unit100>
        <Filename Value="..\..\core\budget\BudgetBO.pas"/>
        <UnitName Value="BudgetBO"/>
        <WindowIndex Value="0"/>
        <TopLine Value="1"/>
        <CursorPos X="21" Y="7"/>
        <UsageCount Value="17"/>
      </Unit100>
      <Unit101>
        <Filename Value="..\..\core\product\ProductMVP.pas"/>
        <IsPartOfProject Value="True"/>
        <UnitName Value="ProductMVP"/>
        <IsVisibleTab Value="True"/>
        <EditorIndex Value="2"/>
        <WindowIndex Value="0"/>
        <TopLine Value="43"/>
        <CursorPos X="1" Y="53"/>
        <UsageCount Value="55"/>
        <Loaded Value="True"/>
      </Unit101>
    </Units>
    <JumpHistory Count="30" HistoryIndex="29">
      <Position1>
        <Filename Value="..\..\core\accountchart\AccountChartBO.pas"/>
        <Caret Line="40" Column="15" TopLine="25"/>
      </Position1>
      <Position2>
        <Filename Value="..\..\core\product\ProductBO.pas"/>
        <Caret Line="100" Column="37" TopLine="92"/>
      </Position2>
      <Position3>
        <Filename Value="..\..\core\product\ProductMVP.pas"/>
        <Caret Line="18" Column="39" TopLine="1"/>
      </Position3>
      <Position4>
        <Filename Value="..\..\core\product\ProductBO.pas"/>
        <Caret Line="68" Column="20" TopLine="52"/>
      </Position4>
      <Position5>
        <Filename Value="..\..\core\product\ProductMVP.pas"/>
        <Caret Line="24" Column="12" TopLine="2"/>
      </Position5>
      <Position6>
        <Filename Value="..\..\core\accountchart\AccountChartMVP.pas"/>
        <Caret Line="170" Column="31" TopLine="148"/>
      </Position6>
      <Position7>
        <Filename Value="..\..\core\accountchart\AccountChartMVP.pas"/>
        <Caret Line="134" Column="3" TopLine="131"/>
      </Position7>
      <Position8>
        <Filename Value="..\..\core\product\ProductMVP.pas"/>
        <Caret Line="26" Column="63" TopLine="9"/>
      </Position8>
      <Position9>
        <Filename Value="..\..\core\product\ProductBO.pas"/>
        <Caret Line="189" Column="14" TopLine="157"/>
      </Position9>
      <Position10>
        <Filename Value="..\..\core\accountchart\AccountChartBO.pas"/>
        <Caret Line="111" Column="9" TopLine="105"/>
      </Position10>
      <Position11>
        <Filename Value="..\..\core\product\ProductBO.pas"/>
        <Caret Line="172" Column="17" TopLine="161"/>
      </Position11>
      <Position12>
        <Filename Value="..\..\core\product\ProductBO.pas"/>
        <Caret Line="157" Column="32" TopLine="132"/>
      </Position12>
      <Position13>
        <Filename Value="..\..\core\product\ProductBO.pas"/>
        <Caret Line="28" Column="24" TopLine="14"/>
      </Position13>
      <Position14>
        <Filename Value="..\..\core\product\ProductBO.pas"/>
        <Caret Line="176" Column="40" TopLine="164"/>
      </Position14>
      <Position15>
        <Filename Value="..\..\core\product\ProductBO.pas"/>
        <Caret Line="166" Column="3" TopLine="164"/>
      </Position15>
      <Position16>
        <Filename Value="..\..\core\product\ProductBO.pas"/>
        <Caret Line="158" Column="33" TopLine="150"/>
      </Position16>
      <Position17>
        <Filename Value="..\..\core\product\ProductBO.pas"/>
        <Caret Line="144" Column="34" TopLine="133"/>
      </Position17>
      <Position18>
        <Filename Value="..\..\core\product\ProductBO.pas"/>
        <Caret Line="102" Column="20" TopLine="87"/>
      </Position18>
      <Position19>
        <Filename Value="..\..\core\product\ProductBO.pas"/>
        <Caret Line="127" Column="33" TopLine="104"/>
      </Position19>
      <Position20>
        <Filename Value="..\..\core\product\ProductBO.pas"/>
        <Caret Line="121" Column="3" TopLine="119"/>
      </Position20>
      <Position21>
        <Filename Value="..\..\core\product\ProductBO.pas"/>
        <Caret Line="198" Column="33" TopLine="182"/>
      </Position21>
      <Position22>
        <Filename Value="..\..\core\product\ProductBO.pas"/>
        <Caret Line="122" Column="25" TopLine="109"/>
      </Position22>
      <Position23>
        <Filename Value="..\..\core\product\ProductMVP.pas"/>
        <Caret Line="29" Column="5" TopLine="9"/>
      </Position23>
      <Position24>
        <Filename Value="..\..\core\product\ProductMVP.pas"/>
        <Caret Line="30" Column="76" TopLine="3"/>
      </Position24>
      <Position25>
        <Filename Value="..\..\core\accountchart\AccountChartMVP.pas"/>
        <Caret Line="31" Column="1" TopLine="17"/>
      </Position25>
      <Position26>
        <Filename Value="..\..\core\accountchart\AccountChartMVP.pas"/>
        <Caret Line="126" Column="1" TopLine="110"/>
      </Position26>
      <Position27>
        <Filename Value="..\..\core\product\ProductMVP.pas"/>
        <Caret Line="58" Column="30" TopLine="56"/>
      </Position27>
      <Position28>
        <Filename Value="..\..\core\product\ProductMVP.pas"/>
        <Caret Line="29" Column="29" TopLine="15"/>
      </Position28>
      <Position29>
        <Filename Value="..\..\core\product\ProductMVP.pas"/>
        <Caret Line="53" Column="5" TopLine="40"/>
      </Position29>
      <Position30>
        <Filename Value="..\..\core\product\ProductMVP.pas"/>
        <Caret Line="18" Column="39" TopLine="1"/>
      </Position30>
    </JumpHistory>
  </ProjectOptions>
  <CompilerOptions>
    <Version Value="11"/>
    <PathDelim Value="\"/>
    <Target>
      <Filename Value="..\..\..\out\bin\glassbeer__$(TargetOS)$(ExeExt)"/>
    </Target>
    <SearchPaths>
      <IncludeFiles Value="..\..\core\include"/>
      <OtherUnitFiles Value="..\..\core\custom;..\..\core\basicuserrecorddata;..\..\core\mash;..\..\core\recipe;..\..\core\rawmaterial;..\..\core\main;..\..\core\custom\lcl;..\..\core\main\lcl;..\..\core\rawmaterial\lcl;..\..\core\recipe\lcl;..\..\core\fermenter;..\..\core\fermenter\lcl;..\..\core\location;..\..\core\location\lcl;..\..\core\filling;..\..\core\mash\lcl;..\..\core\address;..\..\core\address\lcl;..\..\core\contact;..\..\core\contact\lcl;..\..\core\equipment;..\..\core\equipment\lcl;..\..\core\log\lcl;..\..\core\log;..\..\core\accountchart;..\..\core\accountchart\lcl;..\..\core\product;..\..\core\unity"/>
      <UnitOutputDirectory Value="..\..\..\out\lib\$(TargetCPU)-$(TargetOS)"/>
    </SearchPaths>
    <Parsing>
      <SyntaxOptions>
        <UseAnsiStrings Value="False"/>
      </SyntaxOptions>
    </Parsing>
    <Linking>
      <Debugging>
        <DebugInfoType Value="dsDwarf2Set"/>
        <UseExternalDbgSyms Value="True"/>
      </Debugging>
      <Options>
        <Win32>
          <GraphicApplication Value="True"/>
        </Win32>
      </Options>
    </Linking>
    <Other>
      <CompilerMessages>
        <UseMsgFile Value="True"/>
      </CompilerMessages>
      <CompilerPath Value="$(CompPath)"/>
    </Other>
  </CompilerOptions>
  <Debugging>
    <Watches Count="4">
      <Item1>
        <Expression Value="VValidationErrors.Text"/>
      </Item1>
      <Item2>
        <Expression Value="VAttributeName"/>
      </Item2>
      <Item3>
        <Expression Value="VAttribute.MandatoryFlag"/>
      </Item3>
      <Item4>
        <Expression Value="VMashItem.BoilTime"/>
      </Item4>
    </Watches>
    <Exceptions Count="3">
      <Item1>
        <Name Value="EAbort"/>
      </Item1>
      <Item2>
        <Name Value="ECodetoolError"/>
      </Item2>
      <Item3>
        <Name Value="EFOpenError"/>
      </Item3>
    </Exceptions>
  </Debugging>
</CONFIG>
