<?xml version="1.0"?>
<CONFIG>
  <ProjectOptions>
    <PathDelim Value="\"/>
    <Version Value="7"/>
    <General>
      <Flags>
        <UseDefaultCompilerOptions Value="True"/>
      </Flags>
      <MainUnit Value="0"/>
      <TargetFileExt Value=".exe"/>
      <Title Value="Glassbeer sofware"/>
      <ResourceType Value="res"/>
      <UseXPManifest Value="True"/>
      <Icon Value="0"/>
      <ActiveWindowIndexAtStart Value="0"/>
    </General>
    <VersionInfo>
      <Language Value=""/>
      <CharSet Value=""/>
      <StringTable Comments="" CompanyName="" FileDescription="" FileVersion="" InternalName="" LegalCopyright="" LegalTrademarks="" OriginalFilename="" ProductName="" ProductVersion=""/>
    </VersionInfo>
    <PublishOptions>
      <Version Value="2"/>
      <IgnoreBinaries Value="False"/>
      <IncludeFileFilter Value="*.(pas|pp|inc|lfm|lpr|lrs|lpi|lpk|sh|xml)"/>
      <ExcludeFileFilter Value="*.(bak|ppu|ppw|o|so);*~;backup"/>
    </PublishOptions>
    <RunParams>
      <local>
        <FormatVersion Value="1"/>
        <LaunchingApplication PathPlusParams="/usr/X11R6/bin/xterm -T 'Lazarus Run Output' -e $(LazarusDir)/tools/runwait.sh $(TargetCmdLine)"/>
      </local>
    </RunParams>
    <RequiredPackages Count="6">
      <Item1>
        <PackageName Value="lazreport"/>
      </Item1>
      <Item2>
        <PackageName Value="PressLazReportRT"/>
      </Item2>
      <Item3>
        <PackageName Value="PressLazSQLdbRT"/>
      </Item3>
      <Item4>
        <PackageName Value="PressLazBrokersRT"/>
      </Item4>
      <Item5>
        <PackageName Value="PressLazCoreRT"/>
      </Item5>
      <Item6>
        <PackageName Value="LCL"/>
      </Item6>
    </RequiredPackages>
    <Units Count="9">
      <Unit0>
        <Filename Value="glassbeer.lpr"/>
        <IsPartOfProject Value="True"/>
        <UnitName Value="glassbeer"/>
        <EditorIndex Value="0"/>
        <WindowIndex Value="0"/>
        <TopLine Value="1"/>
        <CursorPos X="19" Y="19"/>
        <UsageCount Value="31"/>
        <Loaded Value="True"/>
      </Unit0>
      <Unit1>
        <Filename Value="..\..\core\include\glassbeer_defines.inc"/>
        <IsPartOfProject Value="True"/>
        <EditorIndex Value="7"/>
        <WindowIndex Value="0"/>
        <TopLine Value="1"/>
        <CursorPos X="1" Y="1"/>
        <UsageCount Value="31"/>
        <Loaded Value="True"/>
      </Unit1>
      <Unit2>
        <Filename Value="D:\lib\pressobjects\trunk\Source\Brokers\PressWebFCLFCGIBroker.pas"/>
        <UnitName Value="PressWebFCLFCGIBroker"/>
        <WindowIndex Value="0"/>
        <TopLine Value="45"/>
        <CursorPos X="33" Y="51"/>
        <UsageCount Value="9"/>
      </Unit2>
      <Unit3>
        <Filename Value="..\..\core\custom\CustomBO.pas"/>
        <IsPartOfProject Value="True"/>
        <UnitName Value="CustomBO"/>
        <EditorIndex Value="1"/>
        <WindowIndex Value="0"/>
        <TopLine Value="5"/>
        <CursorPos X="15" Y="19"/>
        <UsageCount Value="31"/>
        <Loaded Value="True"/>
      </Unit3>
      <Unit4>
        <Filename Value="..\..\core\basicuserrecorddata\BasicUserRecordDataBO.pas"/>
        <IsPartOfProject Value="True"/>
        <UnitName Value="BasicUserRecordDataBO"/>
        <EditorIndex Value="2"/>
        <WindowIndex Value="0"/>
        <TopLine Value="27"/>
        <CursorPos X="10" Y="43"/>
        <UsageCount Value="30"/>
        <Loaded Value="True"/>
      </Unit4>
      <Unit5>
        <Filename Value="D:\lib\pressobjects\trunk\Source\Core\PressAttributes.pas"/>
        <UnitName Value="PressAttributes"/>
        <EditorIndex Value="6"/>
        <WindowIndex Value="0"/>
        <TopLine Value="126"/>
        <CursorPos X="9" Y="130"/>
        <SyntaxHighlighter Value="FreePascal"/>
        <UsageCount Value="15"/>
        <Loaded Value="True"/>
        <DefaultSyntaxHighlighter Value="Text"/>
      </Unit5>
      <Unit6>
        <Filename Value="..\..\core\mash\MashBO.pas"/>
        <IsPartOfProject Value="True"/>
        <UnitName Value="MashBO"/>
        <EditorIndex Value="3"/>
        <WindowIndex Value="0"/>
        <TopLine Value="1"/>
        <CursorPos X="40" Y="3"/>
        <UsageCount Value="29"/>
        <Loaded Value="True"/>
      </Unit6>
      <Unit7>
        <Filename Value="..\..\core\recipe\RecipeBO.pas"/>
        <IsPartOfProject Value="True"/>
        <UnitName Value="RecipeBO"/>
        <EditorIndex Value="4"/>
        <WindowIndex Value="0"/>
        <TopLine Value="8"/>
        <CursorPos X="20" Y="32"/>
        <UsageCount Value="24"/>
        <Loaded Value="True"/>
      </Unit7>
      <Unit8>
        <Filename Value="..\..\core\rawmaterial\RawMaterialBO.pas"/>
        <IsPartOfProject Value="True"/>
        <UnitName Value="RawMaterialBO"/>
        <IsVisibleTab Value="True"/>
        <EditorIndex Value="5"/>
        <WindowIndex Value="0"/>
        <TopLine Value="1"/>
        <CursorPos X="47" Y="27"/>
        <UsageCount Value="24"/>
        <Loaded Value="True"/>
      </Unit8>
    </Units>
    <JumpHistory Count="22" HistoryIndex="21">
      <Position1>
        <Filename Value="glassbeer.lpr"/>
        <Caret Line="10" Column="19" TopLine="1"/>
      </Position1>
      <Position2>
        <Filename Value="..\..\core\custom\CustomBO.pas"/>
        <Caret Line="3" Column="1" TopLine="1"/>
      </Position2>
      <Position3>
        <Filename Value="..\..\core\custom\CustomBO.pas"/>
        <Caret Line="17" Column="3" TopLine="1"/>
      </Position3>
      <Position4>
        <Filename Value="..\..\core\custom\CustomBO.pas"/>
        <Caret Line="5" Column="2" TopLine="1"/>
      </Position4>
      <Position5>
        <Filename Value="..\..\core\custom\CustomBO.pas"/>
        <Caret Line="3" Column="31" TopLine="1"/>
      </Position5>
      <Position6>
        <Filename Value="..\..\core\basicuserrecorddata\BasicUserRecordDataBO.pas"/>
        <Caret Line="16" Column="23" TopLine="1"/>
      </Position6>
      <Position7>
        <Filename Value="D:\lib\pressobjects\trunk\Source\Core\PressAttributes.pas"/>
        <Caret Line="172" Column="38" TopLine="161"/>
      </Position7>
      <Position8>
        <Filename Value="..\..\core\basicuserrecorddata\BasicUserRecordDataBO.pas"/>
        <Caret Line="22" Column="58" TopLine="1"/>
      </Position8>
      <Position9>
        <Filename Value="..\..\core\mash\MashBO.pas"/>
        <Caret Line="15" Column="24" TopLine="1"/>
      </Position9>
      <Position10>
        <Filename Value="..\..\core\mash\MashBO.pas"/>
        <Caret Line="38" Column="6" TopLine="10"/>
      </Position10>
      <Position11>
        <Filename Value="..\..\core\basicuserrecorddata\BasicUserRecordDataBO.pas"/>
        <Caret Line="3" Column="1" TopLine="1"/>
      </Position11>
      <Position12>
        <Filename Value="..\..\core\basicuserrecorddata\BasicUserRecordDataBO.pas"/>
        <Caret Line="29" Column="55" TopLine="4"/>
      </Position12>
      <Position13>
        <Filename Value="..\..\core\mash\MashBO.pas"/>
        <Caret Line="42" Column="1" TopLine="13"/>
      </Position13>
      <Position14>
        <Filename Value="..\..\core\mash\MashBO.pas"/>
        <Caret Line="34" Column="11" TopLine="14"/>
      </Position14>
      <Position15>
        <Filename Value="..\..\core\mash\MashBO.pas"/>
        <Caret Line="48" Column="18" TopLine="22"/>
      </Position15>
      <Position16>
        <Filename Value="..\..\core\mash\MashBO.pas"/>
        <Caret Line="71" Column="22" TopLine="49"/>
      </Position16>
      <Position17>
        <Filename Value="..\..\core\mash\MashBO.pas"/>
        <Caret Line="27" Column="36" TopLine="11"/>
      </Position17>
      <Position18>
        <Filename Value="..\..\core\mash\MashBO.pas"/>
        <Caret Line="79" Column="21" TopLine="52"/>
      </Position18>
      <Position19>
        <Filename Value="..\..\core\mash\MashBO.pas"/>
        <Caret Line="58" Column="13" TopLine="56"/>
      </Position19>
      <Position20>
        <Filename Value="..\..\core\recipe\RecipeBO.pas"/>
        <Caret Line="3" Column="40" TopLine="1"/>
      </Position20>
      <Position21>
        <Filename Value="..\..\core\rawmaterial\RawMaterialBO.pas"/>
        <Caret Line="29" Column="45" TopLine="1"/>
      </Position21>
      <Position22>
        <Filename Value="..\..\core\rawmaterial\RawMaterialBO.pas"/>
        <Caret Line="25" Column="58" TopLine="1"/>
      </Position22>
    </JumpHistory>
  </ProjectOptions>
  <CompilerOptions>
    <Version Value="8"/>
    <PathDelim Value="\"/>
    <Target>
      <Filename Value="..\..\out\bin\glassbeer__$(TargetOS)$(ExeExt)"/>
    </Target>
    <SearchPaths>
      <IncludeFiles Value="..\..\core\include\"/>
      <OtherUnitFiles Value="..\..\core\custom\;..\..\core\basicuserrecorddata\;..\..\core\mash\;..\..\core\recipe\;..\..\core\rawmaterial\"/>
      <UnitOutputDirectory Value="..\..\out\lib\$(TargetCPU)-$(TargetOS)"/>
      <LCLWidgetType Value="win32"/>
    </SearchPaths>
    <Parsing>
      <SyntaxOptions>
        <UseAnsiStrings Value="True"/>
      </SyntaxOptions>
    </Parsing>
    <Linking>
      <Debugging>
        <GenerateDebugInfo Value="True"/>
        <GenerateDwarf Value="True"/>
        <UseExternalDbgSyms Value="True"/>
      </Debugging>
      <Options>
        <Win32>
          <GraphicApplication Value="True"/>
        </Win32>
      </Options>
    </Linking>
    <Other>
      <CompilerMessages>
        <UseMsgFile Value="True"/>
      </CompilerMessages>
      <CompilerPath Value="$(CompPath)"/>
    </Other>
  </CompilerOptions>
  <Debugging>
    <Exceptions Count="3">
      <Item1>
        <Name Value="EAbort"/>
      </Item1>
      <Item2>
        <Name Value="ECodetoolError"/>
      </Item2>
      <Item3>
        <Name Value="EFOpenError"/>
      </Item3>
    </Exceptions>
  </Debugging>
</CONFIG>
